
Microsoft Visual Studio Solution File, Format Version 11.00
# Visual Studio 2010
Project("{8BC9CEB8-8B4A-11D0-8D11-00A0C91BC942}") = "mp4parser", "mp4parser.vcxproj", "{112A74F7-26FF-4B20-8166-B31A248AF64F}"
EndProject
Global
	GlobalSection(SolutionConfigurationPlatforms) = preSolution
		Debug|Win32 = Debug|Win32
		Release|Win32 = Release|Win32
	EndGlobalSection
	GlobalSection(ProjectConfigurationPlatforms) = postSolution
		{112A74F7-26FF-4B20-8166-B31A248AF64F}.Debug|Win32.ActiveCfg = Debug|Win32
		{112A74F7-26FF-4B20-8166-B31A248AF64F}.Debug|Win32.Build.0 = Debug|Win32
		{112A74F7-26FF-4B20-8166-B31A248AF64F}.Release|Win32.ActiveCfg = Release|Win32
		{112A74F7-26FF-4B20-8166-B31A248AF64F}.Release|Win32.Build.0 = Release|Win32
	EndGlobalSection
	GlobalSection(SolutionProperties) = preSolution
		HideSolutionNode = FALSE
	EndGlobalSection
EndGlobal
