
Microsoft Visual Studio Solution File, Format Version 11.00
# Visual Studio 2010
Project("{8BC9CEB8-8B4A-11D0-8D11-00A0C91BC942}") = "algo", "algo.vcxproj", "{7A2D9DDA-92CD-403C-BC3C-5769CB4CE20E}"
EndProject
Global
	GlobalSection(SolutionConfigurationPlatforms) = preSolution
		Debug|Win32 = Debug|Win32
		Release|Win32 = Release|Win32
	EndGlobalSection
	GlobalSection(ProjectConfigurationPlatforms) = postSolution
		{7A2D9DDA-92CD-403C-BC3C-5769CB4CE20E}.Debug|Win32.ActiveCfg = Debug|Win32
		{7A2D9DDA-92CD-403C-BC3C-5769CB4CE20E}.Debug|Win32.Build.0 = Debug|Win32
		{7A2D9DDA-92CD-403C-BC3C-5769CB4CE20E}.Release|Win32.ActiveCfg = Release|Win32
		{7A2D9DDA-92CD-403C-BC3C-5769CB4CE20E}.Release|Win32.Build.0 = Release|Win32
	EndGlobalSection
	GlobalSection(SolutionProperties) = preSolution
		HideSolutionNode = FALSE
	EndGlobalSection
EndGlobal
